# THIS IS AN AUTOGENERATED FILE. DO NOT EDIT THIS FILE DIRECTLY.
# yarn lockfile v1


"@ungap/custom-elements@^1.1.0":
  version "1.2.0"
  resolved "https://registry.yarnpkg.com/@ungap/custom-elements/-/custom-elements-1.2.0.tgz#e211a25250af329b746eadc1a345b7df87e440ac"
  integrity sha512-zdSuu79stAwVUtzkQU9B5jhGh2LavtkeX4kxd2jtMJmZt7QqRJ1KJW5bukt/vUOaUs3z674GHd+nqYm0bu0Gyg==

aframe-animation-component@^5.1.2:
  version "5.1.2"
  resolved "https://registry.yarnpkg.com/aframe-animation-component/-/aframe-animation-component-5.1.2.tgz#f08becfcde91b0c9d2bf308b03cbdacd85c320d0"
  integrity sha512-DGUsRGB6TaN0rRKGYRrU0M1eblhpnMMYR1Vhulh0d5TxQRNszWJ5I1aHB/YW6wcj0gO89hLabSe5Is5NFpUeGg==
  dependencies:
    animejs "2.2.0"

aframe-bmfont-text-component@^0.1.4:
  version "0.1.4"
  resolved "https://registry.yarnpkg.com/aframe-bmfont-text-component/-/aframe-bmfont-text-component-0.1.4.tgz#09228566fcbc3818817b19d3ab84d7ea28801ac8"
  integrity sha512-szFAz0VEdEn0ejjbmEiD32RzKftvQpaNWacwZghZqYDoVVtlskH1pviml0fR3iM+v/iP2NzxWUg4ekZ3gtIRVw==
  dependencies:
    load-bmfont "^1.2.3"
    object-assign "^4.1.0"
    three-bmfont-text "^2.1.0"

aframe-event-set-component@^5.0.0:
  version "5.0.0"
  resolved "https://registry.yarnpkg.com/aframe-event-set-component/-/aframe-event-set-component-5.0.0.tgz#6b855605de5097f713a7adcb0c6e371322efb5fd"
  integrity sha512-O9Bhs8Qu2cEilXQ6F2xUxxJIbaZEA2atdIxTwq5qPHRHaIa+8ZghkirUBicNs92aHR9QQwk6ZnRx+SmBXi+B9Q==
  dependencies:
    debug "^2.6.9"

aframe-particle-system-component@^1.1.3:
  version "1.1.3"
  resolved "https://registry.yarnpkg.com/aframe-particle-system-component/-/aframe-particle-system-component-1.1.3.tgz#9d05732fab223e8c4392d20ae47bb29fa97067e9"
  integrity sha512-G1qmdre8mrbLTw67jNUr79IRFXxL+Rt++LFC1enhNHFoiyqgvcLsSWJLYhoVdEpTyvM39b1VMM7RjivpW4oBsg==

aframe-react@^4.4.0:
  version "4.4.0"
  resolved "https://registry.yarnpkg.com/aframe-react/-/aframe-react-4.4.0.tgz#f8af660bc4f64746d7cddb065ad9cc5e88f358b9"
  integrity sha512-/3C0fhCRJywLSP7JsZM/nG/bGQxbt8oEnRK3DLOUmcCtd6xulpwOf8i/Mb0Mbg/U77Y097wdSZ0mVXgEL2+u4Q==

aframe@^1.4.2:
  version "1.4.2"
  resolved "https://registry.yarnpkg.com/aframe/-/aframe-1.4.2.tgz#0dd4c5a8be3e45053f3e9d9fcb574e9872efe698"
  integrity sha512-/sWCOB3ZNe5dWvMknIIMi5dwfU3rIyCiV+QkfYTDK36rNGivmUrmcdkregLmZk0OGHu9WAXoeUP3n0a23n6D0A==
  dependencies:
    "@ungap/custom-elements" "^1.1.0"
    buffer "^6.0.3"
    custom-event-polyfill "^1.0.6"
    debug ngokevin/debug#noTimestamp
    deep-assign "^2.0.0"
    load-bmfont "^1.2.3"
    object-assign "^4.0.1"
    present "0.0.6"
    promise-polyfill "^3.1.0"
    super-animejs "^3.1.0"
    super-three "^0.147.1"
    three-bmfont-text dmarcos/three-bmfont-text#21d017046216e318362c48abd1a48bddfb6e0733
    webvr-polyfill "^0.10.12"

an-array@^1.0.0:
  version "1.0.0"
  resolved "https://registry.yarnpkg.com/an-array/-/an-array-1.0.0.tgz#c125a5bb8257778e35f4b4f6aa9c7d0fa9e42665"
  integrity sha512-M175GYI7RmsYu24Ok383yZQa3eveDfNnmhTe3OQ3bm70bEovz2gWenH+ST/n32M8lrwLWk74hcPds5CDRPe2wg==

anglicize@0.0.5:
  version "0.0.5"
  resolved "https://registry.yarnpkg.com/anglicize/-/anglicize-0.0.5.tgz#cc51352cc37ddbf3ee4ecf6ecc46899d4d82f7bb"
  integrity sha512-RL52GeamnCWw0jZG6n2eyZ09HX2bi6B3NJMSmUT6ueK/Vakow8awCbl6zZcjFP1zOEcwQLT6Zt6Fdf2LzQFxqA==

animejs@2.2.0:
  version "2.2.0"
  resolved "https://registry.yarnpkg.com/animejs/-/animejs-2.2.0.tgz#35eefdfc535b81949c9cb06f0b3e60c02e6fdc80"
  integrity sha512-suPqfRapTDhrfwxg1El8LlGz6qVGwoandR2uRQLQBxXavxkpIr9Uv2kNGrJIF7oa001jSxS5rRIXPHryKIshJg==

ansi-regex@^1.0.0:
  version "1.1.1"
  resolved "https://registry.yarnpkg.com/ansi-regex/-/ansi-regex-1.1.1.tgz#41c847194646375e6a1a5d10c3ca054ef9fc980d"
  integrity sha512-q5i8bFLg2wDfsuR56c1NzlJFPzVD+9mxhDrhqOGigEFa87OZHlF+9dWeGWzVTP/0ECiA/JUGzfzRr2t3eYORRw==

ansi-regex@^2.0.0:
  version "2.1.1"
  resolved "https://registry.yarnpkg.com/ansi-regex/-/ansi-regex-2.1.1.tgz#c3b33ab5ee360d86e0e628f0468ae7ef27d654df"
  integrity sha512-TIGnTpdo+E3+pCyAluZvtED5p5wCqLdezCyhPZzKPcxvFplEt4i+W7OONCKgeZFT3+y5NZZfOOS/Bdcanm1MYA==

ansi-styles@^2.2.1:
  version "2.2.1"
  resolved "https://registry.yarnpkg.com/ansi-styles/-/ansi-styles-2.2.1.tgz#b432dd3358b634cf75e1e4664368240533c1ddbe"
  integrity sha512-kmCevFghRiWM7HB5zTPULl4r9bVFSWjz62MhqizDGUrq2NWuNMQyuv4tHHoKJHs69M/MF64lEcHdYIocrdWQYA==

array-shuffle@^1.0.1:
  version "1.0.1"
  resolved "https://registry.yarnpkg.com/array-shuffle/-/array-shuffle-1.0.1.tgz#7ea4882a356b4bca5f545e0b6e52eaf6d971557a"
  integrity sha512-PBqgo1Y2XWSksBzq3GFPEb798ZrW2snAcmr4drbVeF/6MT/5aBlkGJEvu5A/CzXHf4EjbHOj/ZowatjlIiVidA==

as-number@^1.0.0:
  version "1.0.0"
  resolved "https://registry.yarnpkg.com/as-number/-/as-number-1.0.0.tgz#acb27e34f8f9d8ab0da9e376f3b8959860f80a66"
  integrity sha512-HkI/zLo2AbSRO4fqVkmyf3hms0bJDs3iboHqTrNuwTiCRvdYXM7HFhfhB6Dk51anV2LM/IMB83mtK9mHw4FlAg==

base64-js@^1.3.1:
  version "1.5.1"
  resolved "https://registry.yarnpkg.com/base64-js/-/base64-js-1.5.1.tgz#1b1b440160a5bf7ad40b650f095963481903930a"
  integrity sha512-AKpaYlHn8t4SVbOHCy+b5+KKgvR4vrsD8vbvrbiQJps7fKDTkjkDry6ji0rUJjC0kzbNePLwzxq8iypo41qeWA==

buffer-equal@0.0.1:
  version "0.0.1"
  resolved "https://registry.yarnpkg.com/buffer-equal/-/buffer-equal-0.0.1.tgz#91bc74b11ea405bc916bc6aa908faafa5b4aac4b"
  integrity sha512-RgSV6InVQ9ODPdLWJ5UAqBqJBOg370Nz6ZQtRzpt6nUjc8v0St97uJ4PYC6NztqIScrAXafKM3mZPMygSe1ggA==

buffer-to-arraybuffer@^0.0.5:
  version "0.0.5"
  resolved "https://registry.yarnpkg.com/buffer-to-arraybuffer/-/buffer-to-arraybuffer-0.0.5.tgz#6064a40fa76eb43c723aba9ef8f6e1216d10511a"
  integrity sha512-3dthu5CYiVB1DEJp61FtApNnNndTckcqe4pFcLdvHtrpG+kcyekCJKg4MRiDcFW7A6AODnXB9U4dwQiCW5kzJQ==

buffer@^6.0.3:
  version "6.0.3"
  resolved "https://registry.yarnpkg.com/buffer/-/buffer-6.0.3.tgz#2ace578459cc8fbe2a70aaa8f52ee63b6a74c6c6"
  integrity sha512-FTiCpNxtwiZZHEZbcbTIcZjERVICn9yq/pDFkTl95/AxzD1naBctN7YO68riM/gLSDY7sdrMby8hofADYuuqOA==
  dependencies:
    base64-js "^1.3.1"
    ieee754 "^1.2.1"

cardboard-vr-display@^1.0.19:
  version "1.0.19"
  resolved "https://registry.yarnpkg.com/cardboard-vr-display/-/cardboard-vr-display-1.0.19.tgz#81dcde1804b329b8228b757ac00e1fd2afa9d748"
  integrity sha512-+MjcnWKAkb95p68elqZLDPzoiF/dGncQilLGvPBM5ZorABp/ao3lCs7nnRcYBckmuNkg1V/5rdGDKoUaCVsHzQ==
  dependencies:
    gl-preserve-state "^1.0.0"
    nosleep.js "^0.7.0"
    webvr-polyfill-dpdb "^1.0.17"

chalk@^1.0.0:
  version "1.1.3"
  resolved "https://registry.yarnpkg.com/chalk/-/chalk-1.1.3.tgz#a8115c55e4a702fe4d150abd3872822a7e09fc98"
  integrity sha512-U3lRVLMSlsCfjqYPbLyVv11M9CPW4I728d6TCKMAOJueEeB9/8o+eSsMnxPJD+Q+K909sdESg7C+tIkoH6on1A==
  dependencies:
    ansi-styles "^2.2.1"
    escape-string-regexp "^1.0.2"
    has-ansi "^2.0.0"
    strip-ansi "^3.0.0"
    supports-color "^2.0.0"

cli-width@^1.0.1:
  version "1.1.1"
  resolved "https://registry.yarnpkg.com/cli-width/-/cli-width-1.1.1.tgz#a4d293ef67ebb7b88d4a4d42c0ccf00c4d1e366d"
  integrity sha512-eMU2akIeEIkCxGXUNmDnJq1KzOIiPnJ+rKqRe6hcxE3vIOPvpMrBYOn/Bl7zNlYJj/zQxXquAnozHUCf9Whnsg==

cliclopts@^1.1.1:
  version "1.1.1"
  resolved "https://registry.yarnpkg.com/cliclopts/-/cliclopts-1.1.1.tgz#69431c7cb5af723774b0d3911b4c37512431910f"
  integrity sha512-dJk8y+TJmOy9Kqha0aWN0rwM5E5EQCVjhl2GTz1CrkqzxkQZ26/hyrNmy7lwePdZc4iNcdHL1tTdcIBeNQhmww==

core-util-is@~1.0.0:
  version "1.0.3"
  resolved "https://registry.yarnpkg.com/core-util-is/-/core-util-is-1.0.3.tgz#a6042d3634c2b27e9328f837b965fac83808db85"
  integrity sha512-ZQBvi1DcpJ4GDqanjucZ2Hj3wEO5pZDS89BWbkcrvdxksJorwUDDZamX9ldFkp9aw2lmBDLgkObEA4DWNJ9FYQ==

custom-event-polyfill@^1.0.6:
  version "1.0.7"
  resolved "https://registry.yarnpkg.com/custom-event-polyfill/-/custom-event-polyfill-1.0.7.tgz#9bc993ddda937c1a30ccd335614c6c58c4f87aee"
  integrity sha512-TDDkd5DkaZxZFM8p+1I3yAlvM3rSr1wbrOliG4yJiwinMZN8z/iGL7BTlDkrJcYTmgUSb4ywVCc3ZaUtOtC76w==

dates-of-today@^1.0.0:
  version "1.0.0"
  resolved "https://registry.yarnpkg.com/dates-of-today/-/dates-of-today-1.0.0.tgz#d22fde47267bc6223904e6e0d5bcbc2121bdc1e2"
  integrity sha512-Blepd6PyMjMwu0fXx0lpBt4Tr/IUkaZyvt3TnlVK0SxHD4o52f4GmhrACtf3b5+wjmntmVCV6nTvI9j/u4Wxwg==

debug@^2.6.9:
  version "2.6.9"
  resolved "https://registry.yarnpkg.com/debug/-/debug-2.6.9.tgz#5d128515df134ff327e90a4c93f4e077a536341f"
  integrity sha512-bC7ElrdJaJnPbAP+1EotYvqZsb3ecl5wi6Bfi6BJTUcNowp6cvspg0jXznRTKDjm/E7AdgFBVeAPVMNcKGsHMA==
  dependencies:
    ms "2.0.0"

debug@ngokevin/debug#noTimestamp:
  version "2.2.0"
  resolved "https://codeload.github.com/ngokevin/debug/tar.gz/ef5f8e66d49ce8bc64c6f282c15f8b7164409e3a"

decode-uri-component@^0.2.0:
  version "0.2.2"
  resolved "https://registry.yarnpkg.com/decode-uri-component/-/decode-uri-component-0.2.2.tgz#e69dbe25d37941171dd540e024c444cd5188e1e9"
  integrity sha512-FqUYQ+8o158GyGTrMFJms9qh3CqTKvAqgqsTnkLI8sKu0028orqBhxNMFkFen0zGyg6epACD32pjVk58ngIErQ==

decompress-response@^3.3.0:
  version "3.3.0"
  resolved "https://registry.yarnpkg.com/decompress-response/-/decompress-response-3.3.0.tgz#80a4dd323748384bfa248083622aedec982adff3"
  integrity sha512-BzRPQuY1ip+qDonAOz42gRm/pg9F768C+npV/4JOsxRC2sq+Rlk+Q4ZCAsOhnIaMrgarILY+RMUIvMmmX1qAEA==
  dependencies:
    mimic-response "^1.0.0"

deep-assign@^2.0.0:
  version "2.0.0"
  resolved "https://registry.yarnpkg.com/deep-assign/-/deep-assign-2.0.0.tgz#ebe06b1f07f08dae597620e3dd1622f371a1c572"
  integrity sha512-2QhG3Kxulu4XIF3WL5C5x0sc/S17JLgm1SfvDfIRsR/5m7ZGmcejII7fZ2RyWhN0UWIJm0TNM/eKow6LAn3evQ==
  dependencies:
    is-obj "^1.0.0"

deep-extend@^0.6.0:
  version "0.6.0"
  resolved "https://registry.yarnpkg.com/deep-extend/-/deep-extend-0.6.0.tgz#c4fa7c95404a17a9c3e8ca7e1537312b736330ac"
  integrity sha512-LOHxIOaPYdHlJRtCQfDIVZtfw/ufM8+rVj649RIHzcm/vGwQRXFt6OPqIFWsm2XEMrNIEtWR64sY1LEKD2vAOA==

dom-walk@^0.1.0:
  version "0.1.2"
  resolved "https://registry.yarnpkg.com/dom-walk/-/dom-walk-0.1.2.tgz#0c548bef048f4d1f2a97249002236060daa3fd84"
  integrity sha512-6QvTW9mrGeIegrFXdtQi9pk7O/nSK6lSdXW2eqUspN5LWD7UTji2Fqw5V2YLjBpHEoU9Xl/eUWNpDeZvoyOv2w==

dtype@^2.0.0:
  version "2.0.0"
  resolved "https://registry.yarnpkg.com/dtype/-/dtype-2.0.0.tgz#cd052323ce061444ecd2e8f5748f69a29be28434"
  integrity sha512-s2YVcLKdFGS0hpFqJaTwscsyt0E8nNFdmo73Ocd81xNPj4URI4rj6D60A+vFMIw7BXWlb4yRkEwfBqcZzPGiZg==

escape-string-regexp@^1.0.2, escape-string-regexp@^1.0.5:
  version "1.0.5"
  resolved "https://registry.yarnpkg.com/escape-string-regexp/-/escape-string-regexp-1.0.5.tgz#1b61c0562190a8dff6ae3bb2cf0200ca130b86d4"
  integrity sha512-vbRorB5FUQWvla16U8R/qgaFIya2qGzwDrNmCZuYKrbdSUMG6I1ZCGQRefkRVhuOkIGVne7BQ35DSfo1qvJqFg==

figures@^1.3.5:
  version "1.7.0"
  resolved "https://registry.yarnpkg.com/figures/-/figures-1.7.0.tgz#cbe1e3affcf1cd44b80cadfed28dc793a9701d2e"
  integrity sha512-UxKlfCRuCBxSXU4C6t9scbDyWZ4VlaFFdojKtzJuSkuOBQ5CNFum+zZXFwHjo+CxBC1t6zlYPgHIgFjL8ggoEQ==
  dependencies:
    escape-string-regexp "^1.0.5"
    object-assign "^4.1.0"

flatten-vertex-data@^1.0.0:
  version "1.0.2"
  resolved "https://registry.yarnpkg.com/flatten-vertex-data/-/flatten-vertex-data-1.0.2.tgz#889fd60bea506006ca33955ee1105175fb620219"
  integrity sha512-BvCBFK2NZqerFTdMDgqfHBwxYWnxeCkwONsw6PvBMcUXqo8U/KDWwmXhqx1x2kLIg7DqIsJfOaJFOmlua3Lxuw==
  dependencies:
    dtype "^2.0.0"

git-init@^1.0.0:
  version "1.0.0"
  resolved "https://registry.yarnpkg.com/git-init/-/git-init-1.0.0.tgz#27cd84a47ebc5c5b5d181eee53591438fce7f04d"
  integrity sha512-EhSy0cO0zx+OWq44CLaTyCZFZTVZNCmD7+vfvsekObx6gkQPqOhEWAW5N/ermLiL00QT43y9S8G227OWVkD62Q==

gl-preserve-state@^1.0.0:
  version "1.0.0"
  resolved "https://registry.yarnpkg.com/gl-preserve-state/-/gl-preserve-state-1.0.0.tgz#4ef710d62873f1470ed015c6546c37dacddd4198"
  integrity sha512-zQZ25l3haD4hvgJZ6C9+s0ebdkW9y+7U2qxvGu1uWOJh8a4RU+jURIKEQhf8elIlFpMH6CrAY2tH0mYrRjet3Q==

global@~4.4.0:
  version "4.4.0"
  resolved "https://registry.yarnpkg.com/global/-/global-4.4.0.tgz#3e7b105179006a323ed71aafca3e9c57a5cc6406"
  integrity sha512-wv/LAoHdRE3BeTGz53FAamhGlPLhlssK45usmGFThIi4XqnBmjKQ16u+RNbP7WvigRZDxUsM0J3gcQ5yicaL0w==
  dependencies:
    min-document "^2.19.0"
    process "^0.11.10"

has-ansi@^2.0.0:
  version "2.0.0"
  resolved "https://registry.yarnpkg.com/has-ansi/-/has-ansi-2.0.0.tgz#34f5049ce1ecdf2b0649af3ef24e45ed35416d91"
  integrity sha512-C8vBJ8DwUCx19vhm7urhTuUsr4/IyP6l4VzNQDv+ryHQObW3TTTp9yB68WpYgRe2bbaGuZ/se74IqFeVnMnLZg==
  dependencies:
    ansi-regex "^2.0.0"

ieee754@^1.2.1:
  version "1.2.1"
  resolved "https://registry.yarnpkg.com/ieee754/-/ieee754-1.2.1.tgz#8eb7a10a63fff25d15a57b001586d177d1b0d352"
  integrity sha512-dcyqhDvX1C46lXZcVqCpK+FtMRQVdIMN6/Df5js2zouUsqG7I6sFxitIC+7KYK29KdXOLHdu9zL4sFnoVQnqaA==

inherits@^2.0.1, inherits@~2.0.3:
  version "2.0.4"
  resolved "https://registry.yarnpkg.com/inherits/-/inherits-2.0.4.tgz#0fa2c64f932917c3433a0ded55363aae37416b7c"
  integrity sha512-k/vGaX4/Yla3WzyMCvTQOXYeIHvqOKtnqBduzTHpzpQZzAskKMhZ2K+EnBiSM9zGSoIFeMpXKxa4dYeZIQqewQ==

ini@~1.3.0:
  version "1.3.8"
  resolved "https://registry.yarnpkg.com/ini/-/ini-1.3.8.tgz#a29da425b48806f34767a4efce397269af28432c"
  integrity sha512-JV/yugV2uzW5iMRSiZAyDtQd+nxtUnjeLt0acNdw98kKLrvuRVyB80tsREOE7yvGVgalhZ6RNXCmEHkUKBKxew==

initialize-engine@^1.1.0:
  version "1.2.4"
  resolved "https://registry.yarnpkg.com/initialize-engine/-/initialize-engine-1.2.4.tgz#c634576a998a549562171bd464555be7f4f6bdf3"
  integrity sha512-MOuoKTwUY1K5kNrkZVtOekMvkbD6/EmmtZP0GCWciJ29MDZz1GvYW03XNWdeMKNugp9iswVJEXM4di7XzHGeIQ==
  dependencies:
    mustache "^2.1.3"
    noop2 "^2.0.0"
    run-parallel "^1.1.2"
    run-series "^1.1.2"
    through2 "^2.0.0"
    xtend "^4.0.0"

initialize@^7.3.1:
  version "7.3.1"
  resolved "https://registry.yarnpkg.com/initialize/-/initialize-7.3.1.tgz#8ec3aa40f5795ea0bfd3aff020804c37a62104c7"
  integrity sha512-rwPxD+dS1ZJ+2kI3k1HvamcR+1qIDUG+CBB+ZfhpQHcpxcb06BeuKDPmAEu7dkbole9nPph+E+/9x0++3EVYSw==
  dependencies:
    cliclopts "^1.1.1"
    dates-of-today "^1.0.0"
    git-init "^1.0.0"
    initialize-engine "^1.1.0"
    inquirer "^0.9.0"
    minimist "^1.1.3"
    mkdirp "^0.4.0"
    object-assign "^3.0.0"
    rc "^1.1.0"
    variable-name "0.0.1"

inquirer@^0.9.0:
  version "0.9.0"
  resolved "https://registry.yarnpkg.com/inquirer/-/inquirer-0.9.0.tgz#7366e38a331e61904958ace5b2da4a9a5f636798"
  integrity sha512-uk2q4dh24ktKZyY2uM6XMDoVxg5aPINycpbScuU2pbyuu1pTvyE/fTCG7LjzUIFN93KrlcZQweNoy16hk/3hgA==
  dependencies:
    ansi-regex "^2.0.0"
    chalk "^1.0.0"
    cli-width "^1.0.1"
    figures "^1.3.5"
    lodash "^3.3.1"
    readline2 "^0.1.1"
    run-async "^0.1.0"
    rx-lite "^2.5.2"
    strip-ansi "^3.0.0"
    through "^2.3.6"

is-buffer@^1.0.2:
  version "1.1.6"
  resolved "https://registry.yarnpkg.com/is-buffer/-/is-buffer-1.1.6.tgz#efaa2ea9daa0d7ab2ea13a97b2b8ad51fefbe8be"
  integrity sha512-NcdALwpXkTm5Zvvbk7owOUSvVvBKDgKP5/ewfXEznmQFfs4ZRmanOeKBTjRVjka3QFoN6XJ+9F3USqfHqTaU5w==

is-function@^1.0.1:
  version "1.0.2"
  resolved "https://registry.yarnpkg.com/is-function/-/is-function-1.0.2.tgz#4f097f30abf6efadac9833b17ca5dc03f8144e08"
  integrity sha512-lw7DUp0aWXYg+CBCN+JKkcE0Q2RayZnSvnZBlwgxHBQhqt5pZNVy4Ri7H9GmmXkdu7LUthszM+Tor1u/2iBcpQ==

is-obj@^1.0.0:
  version "1.0.1"
  resolved "https://registry.yarnpkg.com/is-obj/-/is-obj-1.0.1.tgz#3e4729ac1f5fde025cd7d83a896dab9f4f67db0f"
  integrity sha512-l4RyHgRqGN4Y3+9JHVrNqO+tN0rV5My76uW5/nuO4K1b6vw5G8d/cmFjP9tRfEsdhZNt0IFdZuK/c2Vr4Nb+Qg==

isarray@~1.0.0:
  version "1.0.0"
  resolved "https://registry.yarnpkg.com/isarray/-/isarray-1.0.0.tgz#bb935d48582cba168c06834957a54a3e07124f11"
  integrity sha512-VLghIWNM6ELQzo7zwmcg0NmTVyWKYjvIeM83yjp0wRDTmUnrM678fQbcKBo6n2CJEF0szoG//ytg+TKla89ALQ==

"js-tokens@^3.0.0 || ^4.0.0":
  version "4.0.0"
  resolved "https://registry.yarnpkg.com/js-tokens/-/js-tokens-4.0.0.tgz#19203fb59991df98e3a287050d4647cdeaf32499"
  integrity sha512-RdJUflcE3cUzKiMqQgsCu06FPu9UdIJO0beYbPhHN4k6apgJtifcoCtT9bcxOpYBtpD2kCM6Sbzg4CausW/PKQ==

layout-bmfont-text@^1.2.0:
  version "1.3.4"
  resolved "https://registry.yarnpkg.com/layout-bmfont-text/-/layout-bmfont-text-1.3.4.tgz#f20f2c5464774f48da6ce8a997fbce6d46945b81"
  integrity sha512-mceomHZ8W7pSKQhTdLvOe1Im4n37u8xa5Gr0J3KPCHRMO/9o7+goWIOzZcUUd+Xgzy3+22bvoIQ0OaN3LRtgaw==
  dependencies:
    as-number "^1.0.0"
    word-wrapper "^1.0.7"
    xtend "^4.0.0"

load-bmfont@^1.2.3:
  version "1.4.1"
  resolved "https://registry.yarnpkg.com/load-bmfont/-/load-bmfont-1.4.1.tgz#c0f5f4711a1e2ccff725a7b6078087ccfcddd3e9"
  integrity sha512-8UyQoYmdRDy81Brz6aLAUhfZLwr5zV0L3taTQ4hju7m6biuwiWiJXjPhBJxbUQJA8PrkvJ/7Enqmwk2sM14soA==
  dependencies:
    buffer-equal "0.0.1"
    mime "^1.3.4"
    parse-bmfont-ascii "^1.0.3"
    parse-bmfont-binary "^1.0.5"
    parse-bmfont-xml "^1.1.4"
    phin "^2.9.1"
    xhr "^2.0.1"
    xtend "^4.0.0"

lodash@^3.3.1:
  version "3.10.1"
  resolved "https://registry.yarnpkg.com/lodash/-/lodash-3.10.1.tgz#5bf45e8e49ba4189e17d482789dfd15bd140b7b6"
  integrity sha512-9mDDwqVIma6OZX79ZlDACZl8sBm0TEnkf99zV3iMA4GzkIT/9hiqP5mY0HoT1iNLCrKc/R1HByV+yJfRWVJryQ==

loose-envify@^1.1.0:
  version "1.4.0"
  resolved "https://registry.yarnpkg.com/loose-envify/-/loose-envify-1.4.0.tgz#71ee51fa7be4caec1a63839f7e682d8132d30caf"
  integrity sha512-lyuxPGr/Wfhrlem2CL/UcnUc1zcqKAImBDzukY7Y5F/yQiNdko6+fRLevlw1HgMySw7f611UIY408EtxRSoK3Q==
  dependencies:
    js-tokens "^3.0.0 || ^4.0.0"

map-limit@0.0.1:
  version "0.0.1"
  resolved "https://registry.yarnpkg.com/map-limit/-/map-limit-0.0.1.tgz#eb7961031c0f0e8d001bf2d56fab685d58822f38"
  integrity sha512-pJpcfLPnIF/Sk3taPW21G/RQsEEirGaFpCW3oXRwH9dnFHPHNGjNyvh++rdmC2fNqEaTw2MhYJraoJWAHx8kEg==
  dependencies:
    once "~1.3.0"

mime@^1.3.4:
  version "1.6.0"
  resolved "https://registry.yarnpkg.com/mime/-/mime-1.6.0.tgz#32cd9e5c64553bd58d19a568af452acff04981b1"
  integrity sha512-x0Vn8spI+wuJ1O6S7gnbaQg8Pxh4NNHb7KSINmEWKiPE4RKOplvijn+NkmYmmRgP68mc70j2EbeTFRsrswaQeg==

mimic-response@^1.0.0:
  version "1.0.1"
  resolved "https://registry.yarnpkg.com/mimic-response/-/mimic-response-1.0.1.tgz#4923538878eef42063cb8a3e3b0798781487ab1b"
  integrity sha512-j5EctnkH7amfV/q5Hgmoal1g2QHFJRraOtmx0JpIqkxhBhI/lJSl1nMpQ45hVarwNETOoWEimndZ4QK0RHxuxQ==

min-document@^2.19.0:
  version "2.19.0"
  resolved "https://registry.yarnpkg.com/min-document/-/min-document-2.19.0.tgz#7bd282e3f5842ed295bb748cdd9f1ffa2c824685"
  integrity sha512-9Wy1B3m3f66bPPmU5hdA4DR4PB2OfDU/+GS3yAB7IQozE3tqXaVv2zOjgla7MEGSRv95+ILmOuvhLkOK6wJtCQ==
  dependencies:
    dom-walk "^0.1.0"

minimist@0.0.8:
  version "0.0.8"
  resolved "https://registry.yarnpkg.com/minimist/-/minimist-0.0.8.tgz#857fcabfc3397d2625b8228262e86aa7a011b05d"
  integrity sha512-miQKw5Hv4NS1Psg2517mV4e4dYNaO3++hjAvLOAzKqZ61rH8NS1SK+vbfBWZ5PY/Me/bEWhUwqMghEW5Fb9T7Q==

minimist@^1.1.3, minimist@^1.2.0:
  version "1.2.8"
  resolved "https://registry.yarnpkg.com/minimist/-/minimist-1.2.8.tgz#c1a464e7693302e082a075cee0c057741ac4772c"
  integrity sha512-2yyAR8qBkN3YuheJanUpWC5U3bb5osDywNB8RzDVlDwDHbocAJveqqj1u8+SVD7jkWT4yvsHCpWqqWqAxb0zCA==

mkdirp@^0.4.0:
  version "0.4.2"
  resolved "https://registry.yarnpkg.com/mkdirp/-/mkdirp-0.4.2.tgz#427c8c18ece398b932f6f666f4e1e5b7740e78c8"
  integrity sha512-aiwEvGvWUEFscNrK7RnxM++ltHpm/dzoVZicG8jqFK0yr3FgSUJ174D3b9kackdgHLuRb9cWapcUCoXVELD0Pg==
  dependencies:
    minimist "0.0.8"

ms@2.0.0:
  version "2.0.0"
  resolved "https://registry.yarnpkg.com/ms/-/ms-2.0.0.tgz#5608aeadfc00be6c2901df5f9861788de0d597c8"
  integrity sha512-Tpp60P6IUJDTuOq/5Z8cdskzJujfwqfOTkrwIwj7IRISpnkJnT6SyJ4PCPnGMoFjC9ddhal5KVIYtAt97ix05A==

mustache@^2.1.3:
  version "2.3.2"
  resolved "https://registry.yarnpkg.com/mustache/-/mustache-2.3.2.tgz#a6d4d9c3f91d13359ab889a812954f9230a3d0c5"
  integrity sha512-KpMNwdQsYz3O/SBS1qJ/o3sqUJ5wSb8gb0pul8CO0S56b9Y2ALm8zCfsjPXsqGFfoNBkDwZuZIAjhsZI03gYVQ==

mute-stream@0.0.4:
  version "0.0.4"
  resolved "https://registry.yarnpkg.com/mute-stream/-/mute-stream-0.0.4.tgz#a9219960a6d5d5d046597aee51252c6655f7177e"
  integrity sha512-amvrY4m/7oZamehMoFi1tbwU/kXbVvRTGM2S7F+PZi3n51Jx+9AcSQ3EQsag3tR+hS2higfgOP/Kl8kri/X52A==

new-array@^1.0.0:
  version "1.0.0"
  resolved "https://registry.yarnpkg.com/new-array/-/new-array-1.0.0.tgz#5dbc639d961eac7f1a9fbc1a7146ec12f2924fbf"
  integrity sha512-K5AyFYbuHZ4e/ti52y7k18q8UHsS78FlRd85w2Fmsd6AkuLipDihPflKC0p3PN5i8II7+uHxo+CtkLiJDfmS5A==

nice-color-palettes@^1.0.1:
  version "1.0.1"
  resolved "https://registry.yarnpkg.com/nice-color-palettes/-/nice-color-palettes-1.0.1.tgz#875ea01dc86efae7f595e066a8b2660e7206053e"
  integrity sha512-aHEFYKuGiaga8LqMi0Ttarqzn4tKS7BaIE2MeD9SDjv6yVc7DMIu/Eax4RvUgwR7vS0hXAUEIUx9P0/54O1W0g==
  dependencies:
    map-limit "0.0.1"
    minimist "^1.2.0"
    new-array "^1.0.0"
    xhr-request "^1.0.1"

noop2@^2.0.0:
  version "2.0.0"
  resolved "https://registry.yarnpkg.com/noop2/-/noop2-2.0.0.tgz#4b636015e9882b54783c02b412f699d8c5cd0a5b"
  integrity sha512-2bu7Pfpf6uNqashWV8P7yYeutQ3XkLY9MBSYI5sOAFZxuWcW/uJfLbKj5m6SvMDT9U1Y0C+7UFG+7VSiIdXjtA==

nosleep.js@^0.7.0:
  version "0.7.0"
  resolved "https://registry.yarnpkg.com/nosleep.js/-/nosleep.js-0.7.0.tgz#cfd919c25523ca0d0f4a69fb3305c083adaee289"
  integrity sha512-Z4B1HgvzR+en62ghwZf6BwAR6x4/pjezsiMcbF9KMLh7xoscpoYhaSXfY3lLkqC68AtW+/qLJ1lzvBIj0FGaTA==

object-assign@^3.0.0:
  version "3.0.0"
  resolved "https://registry.yarnpkg.com/object-assign/-/object-assign-3.0.0.tgz#9bedd5ca0897949bca47e7ff408062d549f587f2"
  integrity sha512-jHP15vXVGeVh1HuaA2wY6lxk+whK/x4KBG88VXeRma7CCun7iGD5qPc4eYykQ9sdQvg8jkwFKsSxHln2ybW3xQ==

object-assign@^4.0.1, object-assign@^4.1.0, object-assign@^4.1.1:
  version "4.1.1"
  resolved "https://registry.yarnpkg.com/object-assign/-/object-assign-4.1.1.tgz#2109adc7965887cfc05cbbd442cac8bfbb360863"
  integrity sha512-rJgTQnkUnH1sFw8yT6VSU3zD3sWmu6sZhIseY8VX+GRu3P6F7Fu+JNDoXfklElbLJSnc3FUQHVe4cU5hj+BcUg==

once@^1.3.0, once@^1.3.1:
  version "1.4.0"
  resolved "https://registry.yarnpkg.com/once/-/once-1.4.0.tgz#583b1aa775961d4b113ac17d9c50baef9dd76bd1"
  integrity sha512-lNaJgI+2Q5URQBkccEKHTQOPaXdUxnZZElQTZY0MFUAuaEqe1E+Nyvgdz/aIyNi6Z9MzO5dv1H8n58/GELp3+w==
  dependencies:
    wrappy "1"

once@~1.3.0:
  version "1.3.3"
  resolved "https://registry.yarnpkg.com/once/-/once-1.3.3.tgz#b2e261557ce4c314ec8304f3fa82663e4297ca20"
  integrity sha512-6vaNInhu+CHxtONf3zw3vq4SP2DOQhjBvIa3rNcG0+P7eKWlYH6Peu7rHizSloRU2EwMz6GraLieis9Ac9+p1w==
  dependencies:
    wrappy "1"

parse-bmfont-ascii@^1.0.3:
  version "1.0.6"
  resolved "https://registry.yarnpkg.com/parse-bmfont-ascii/-/parse-bmfont-ascii-1.0.6.tgz#11ac3c3ff58f7c2020ab22769079108d4dfa0285"
  integrity sha512-U4RrVsUFCleIOBsIGYOMKjn9PavsGOXxbvYGtMOEfnId0SVNsgehXh1DxUdVPLoxd5mvcEtvmKs2Mmf0Mpa1ZA==

parse-bmfont-binary@^1.0.5:
  version "1.0.6"
  resolved "https://registry.yarnpkg.com/parse-bmfont-binary/-/parse-bmfont-binary-1.0.6.tgz#d038b476d3e9dd9db1e11a0b0e53a22792b69006"
  integrity sha512-GxmsRea0wdGdYthjuUeWTMWPqm2+FAd4GI8vCvhgJsFnoGhTrLhXDDupwTo7rXVAgaLIGoVHDZS9p/5XbSqeWA==

parse-bmfont-xml@^1.1.4:
  version "1.1.4"
  resolved "https://registry.yarnpkg.com/parse-bmfont-xml/-/parse-bmfont-xml-1.1.4.tgz#015319797e3e12f9e739c4d513872cd2fa35f389"
  integrity sha512-bjnliEOmGv3y1aMEfREMBJ9tfL3WR0i0CKPj61DnSLaoxWR3nLrsQrEbCId/8rF4NyRF0cCqisSVXyQYWM+mCQ==
  dependencies:
    xml-parse-from-string "^1.0.0"
    xml2js "^0.4.5"

parse-headers@^2.0.0:
  version "2.0.5"
  resolved "https://registry.yarnpkg.com/parse-headers/-/parse-headers-2.0.5.tgz#069793f9356a54008571eb7f9761153e6c770da9"
  integrity sha512-ft3iAoLOB/MlwbNXgzy43SWGP6sQki2jQvAyBg/zDFAgr9bfNWZIUj42Kw2eJIl8kEi4PbgE6U1Zau/HwI75HA==

phin@^2.9.1:
  version "2.9.3"
  resolved "https://registry.yarnpkg.com/phin/-/phin-2.9.3.tgz#f9b6ac10a035636fb65dfc576aaaa17b8743125c"
  integrity sha512-CzFr90qM24ju5f88quFC/6qohjC144rehe5n6DH900lgXmUe86+xCKc10ev56gRKC4/BkHUoG4uSiQgBiIXwDA==

preact@^10.13.2:
  version "10.13.2"
  resolved "https://registry.yarnpkg.com/preact/-/preact-10.13.2.tgz#2c40c73d57248b57234c4ae6cd9ab9d8186ebc0a"
  integrity sha512-q44QFLhOhty2Bd0Y46fnYW0gD/cbVM9dUVtNTDKPcdXSMA7jfY+Jpd6rk3GB0lcQss0z5s/6CmVP0Z/hV+g6pw==

present@0.0.6:
  version "0.0.6"
  resolved "https://registry.yarnpkg.com/present/-/present-0.0.6.tgz#9eeff700daa9e998613352e47f7ac2324d4faf02"
  integrity sha512-8HGGcsH0xefDkhtWzXhigzieKtervWPQgyX8RtQD3cKr4wU307j8XANVSaZLxbR0+1EBonCJNOdUrQ7hbk3Kiw==

process-nextick-args@~2.0.0:
  version "2.0.1"
  resolved "https://registry.yarnpkg.com/process-nextick-args/-/process-nextick-args-2.0.1.tgz#7820d9b16120cc55ca9ae7792680ae7dba6d7fe2"
  integrity sha512-3ouUOpQhtgrbOa17J7+uxOTpITYWaGP7/AhoR3+A+/1e9skrzelGi/dXzEYyvbxubEF6Wn2ypscTKiKJFFn1ag==

process@^0.11.10:
  version "0.11.10"
  resolved "https://registry.yarnpkg.com/process/-/process-0.11.10.tgz#7332300e840161bda3e69a1d1d91a7d4bc16f182"
  integrity sha512-cdGef/drWFoydD1JsMzuFf8100nZl+GT+yacc2bEced5f9Rjk4z+WtFUTBu9PhOi9j/jfmBPu0mMEY4wIdAF8A==

promise-polyfill@^3.1.0:
  version "3.1.0"
  resolved "https://registry.yarnpkg.com/promise-polyfill/-/promise-polyfill-3.1.0.tgz#62952b01d059b115b432763b7ef461b80f6df47d"
  integrity sha512-t20OwHJ4ZOUj5fV+qms67oczphAVkRC6Rrjcrne+V1FJkQMym7n69xJmYyXHulm9OUQ0Ie5KSzg0QhOYgaxy+w==

quad-indices@^2.0.1:
  version "2.0.1"
  resolved "https://registry.yarnpkg.com/quad-indices/-/quad-indices-2.0.1.tgz#a6941d89a13d63eed6c1d4a5a621a0463617a814"
  integrity sha512-6jtmCsEbGAh5npThXrBaubbTjPcF0rMbn57XCJVI7LkW8PUT56V+uIrRCCWCn85PSgJC9v8Pm5tnJDwmOBewvA==
  dependencies:
    an-array "^1.0.0"
    dtype "^2.0.0"
    is-buffer "^1.0.2"

query-string@^5.0.1:
  version "5.1.1"
  resolved "https://registry.yarnpkg.com/query-string/-/query-string-5.1.1.tgz#a78c012b71c17e05f2e3fa2319dd330682efb3cb"
  integrity sha512-gjWOsm2SoGlgLEdAGt7a6slVOk9mGiXmPFMqrEhLQ68rhQuBnpfs3+EmlvqKyxnCo9/PPlF+9MtY02S1aFg+Jw==
  dependencies:
    decode-uri-component "^0.2.0"
    object-assign "^4.1.0"
    strict-uri-encode "^1.0.0"

queue-microtask@^1.2.2:
  version "1.2.3"
  resolved "https://registry.yarnpkg.com/queue-microtask/-/queue-microtask-1.2.3.tgz#4929228bbc724dfac43e0efb058caf7b6cfb6243"
  integrity sha512-NuaNSa6flKT5JaSYQzJok04JzTL1CA6aGhv5rfLW3PgqA+M2ChpZQnAC8h8i4ZFkBS8X5RqkDBHA7r4hej3K9A==

rc@^1.1.0:
  version "1.2.8"
  resolved "https://registry.yarnpkg.com/rc/-/rc-1.2.8.tgz#cd924bf5200a075b83c188cd6b9e211b7fc0d3ed"
  integrity sha512-y3bGgqKj3QBdxLbLkomlohkvsA8gdAiUQlSBJnBhfn+BPxg4bc62d8TcBW15wavDfgexCgccckhcZvywyQYPOw==
  dependencies:
    deep-extend "^0.6.0"
    ini "~1.3.0"
    minimist "^1.2.0"
    strip-json-comments "~2.0.1"

react-dom@^18.2.0:
  version "18.2.0"
  resolved "https://registry.yarnpkg.com/react-dom/-/react-dom-18.2.0.tgz#22aaf38708db2674ed9ada224ca4aa708d821e3d"
  integrity sha512-6IMTriUmvsjHUjNtEDudZfuDQUoWXVxKHhlEGSk81n4YFS+r/Kl99wXiwlVXtPBtJenozv2P+hxDsw9eA7Xo6g==
  dependencies:
    loose-envify "^1.1.0"
    scheduler "^0.23.0"

react@^18.2.0:
  version "18.2.0"
  resolved "https://registry.yarnpkg.com/react/-/react-18.2.0.tgz#555bd98592883255fa00de14f1151a917b5d77d5"
  integrity sha512-/3IjMdb2L9QbBdWiW5e3P2/npwMBaU9mHCSCUzNln0ZCYbcfTsGbTJrU/kGemdH2IWmB2ioZ+zkxtmq6g09fGQ==
  dependencies:
    loose-envify "^1.1.0"

readable-stream@~2.3.6:
  version "2.3.8"
  resolved "https://registry.yarnpkg.com/readable-stream/-/readable-stream-2.3.8.tgz#91125e8042bba1b9887f49345f6277027ce8be9b"
  integrity sha512-8p0AUk4XODgIewSi0l8Epjs+EVnWiK7NoDIEGU0HhE7+ZyY8D1IMY7odu5lRrFXGg71L15KG8QrPmum45RTtdA==
  dependencies:
    core-util-is "~1.0.0"
    inherits "~2.0.3"
    isarray "~1.0.0"
    process-nextick-args "~2.0.0"
    safe-buffer "~5.1.1"
    string_decoder "~1.1.1"
    util-deprecate "~1.0.1"

readline2@^0.1.1:
  version "0.1.1"
  resolved "https://registry.yarnpkg.com/readline2/-/readline2-0.1.1.tgz#99443ba6e83b830ef3051bfd7dc241a82728d568"
  integrity sha512-qs8GGG+hLGMaDOGjd+mDglDoYcHDkjIY7z5RU0/ApsGT0qypyrWskNeemUqD+UxIXiZoMYT5aLwGp4ehoyZhIg==
  dependencies:
    mute-stream "0.0.4"
    strip-ansi "^2.0.1"

run-async@^0.1.0:
  version "0.1.0"
  resolved "https://registry.yarnpkg.com/run-async/-/run-async-0.1.0.tgz#c8ad4a5e110661e402a7d21b530e009f25f8e389"
  integrity sha512-qOX+w+IxFgpUpJfkv2oGN0+ExPs68F4sZHfaRRx4dDexAQkG83atugKVEylyT5ARees3HBbfmuvnjbrd8j9Wjw==
  dependencies:
    once "^1.3.0"

run-parallel@^1.1.2:
  version "1.2.0"
  resolved "https://registry.yarnpkg.com/run-parallel/-/run-parallel-1.2.0.tgz#66d1368da7bdf921eb9d95bd1a9229e7f21a43ee"
  integrity sha512-5l4VyZR86LZ/lDxZTR6jqL8AFE2S0IFLMP26AbjsLVADxHdhB/c0GUsH+y39UfCi3dzz8OlQuPmnaJOMoDHQBA==
  dependencies:
    queue-microtask "^1.2.2"

run-series@^1.1.2:
  version "1.1.9"
  resolved "https://registry.yarnpkg.com/run-series/-/run-series-1.1.9.tgz#15ba9cb90e6a6c054e67c98e1dc063df0ecc113a"
  integrity sha512-Arc4hUN896vjkqCYrUXquBFtRZdv1PfLbTYP71efP6butxyQ0kWpiNJyAgsxscmQg1cqvHY32/UCBzXedTpU2g==

rx-lite@^2.5.2:
  version "2.5.2"
  resolved "https://registry.yarnpkg.com/rx-lite/-/rx-lite-2.5.2.tgz#5fef42d4d6e76bab5199d2171327db709e58e634"
  integrity sha512-vw6ZYWDuvzp0efWZMCmjGXXeOK6/5dc03P1at90yHNrA1YyQMcDL4TYzgrO83UNYTesDWkrmUY1e/CqLnSqN0w==

safe-buffer@~5.1.0, safe-buffer@~5.1.1:
  version "5.1.2"
  resolved "https://registry.yarnpkg.com/safe-buffer/-/safe-buffer-5.1.2.tgz#991ec69d296e0313747d59bdfd2b745c35f8828d"
  integrity sha512-Gd2UZBJDkXlY7GbJxfsE8/nvKkUEU1G38c1siN6QP6a9PT9MmHB8GnpscSmMJSoF8LOIrt8ud/wPtojys4G6+g==

sax@>=0.6.0:
  version "1.2.4"
  resolved "https://registry.yarnpkg.com/sax/-/sax-1.2.4.tgz#2816234e2378bddc4e5354fab5caa895df7100d9"
  integrity sha512-NqVDv9TpANUjFm0N8uM5GxL36UgKi9/atZw+x7YFnQ8ckwFGKrl4xX4yWtrey3UJm5nP1kUbnYgLopqWNSRhWw==

scheduler@^0.23.0:
  version "0.23.0"
  resolved "https://registry.yarnpkg.com/scheduler/-/scheduler-0.23.0.tgz#ba8041afc3d30eb206a487b6b384002e4e61fdfe"
  integrity sha512-CtuThmgHNg7zIZWAXi3AsyIzA3n4xx7aNyjwC2VJldO2LMVDhFK+63xGqq6CsJH4rTAt6/M+N4GhZiDYPx9eUw==
  dependencies:
    loose-envify "^1.1.0"

simple-concat@^1.0.0:
  version "1.0.1"
  resolved "https://registry.yarnpkg.com/simple-concat/-/simple-concat-1.0.1.tgz#f46976082ba35c2263f1c8ab5edfe26c41c9552f"
  integrity sha512-cSFtAPtRhljv69IK0hTVZQ+OfE9nePi/rtJmw5UjHeVyVroEqJXP1sFztKUy1qU+xvz3u/sfYJLa947b7nAN2Q==

simple-get@^2.7.0:
  version "2.8.2"
  resolved "https://registry.yarnpkg.com/simple-get/-/simple-get-2.8.2.tgz#5708fb0919d440657326cd5fe7d2599d07705019"
  integrity sha512-Ijd/rV5o+mSBBs4F/x9oDPtTx9Zb6X9brmnXvMW4J7IR15ngi9q5xxqWBKU744jTZiaXtxaPL7uHG6vtN8kUkw==
  dependencies:
    decompress-response "^3.3.0"
    once "^1.3.1"
    simple-concat "^1.0.0"

strict-uri-encode@^1.0.0:
  version "1.1.0"
  resolved "https://registry.yarnpkg.com/strict-uri-encode/-/strict-uri-encode-1.1.0.tgz#279b225df1d582b1f54e65addd4352e18faa0713"
  integrity sha512-R3f198pcvnB+5IpnBlRkphuE9n46WyVl8I39W/ZUTZLz4nqSP/oLYUrcnJrw462Ds8he4YKMov2efsTIw1BDGQ==

string_decoder@~1.1.1:
  version "1.1.1"
  resolved "https://registry.yarnpkg.com/string_decoder/-/string_decoder-1.1.1.tgz#9cf1611ba62685d7030ae9e4ba34149c3af03fc8"
  integrity sha512-n/ShnvDi6FHbbVfviro+WojiFzv+s8MPMHBczVePfUpDJLwoLT0ht1l4YwBCbi8pJAveEEdnkHyPyTP/mzRfwg==
  dependencies:
    safe-buffer "~5.1.0"

strip-ansi@^2.0.1:
  version "2.0.1"
  resolved "https://registry.yarnpkg.com/strip-ansi/-/strip-ansi-2.0.1.tgz#df62c1aa94ed2f114e1d0f21fd1d50482b79a60e"
  integrity sha512-2h8q2CP3EeOhDJ+jd932PRMpa3/pOJFGoF22J1U/DNbEK2gSW2DqeF46VjCXsSQXhC+k/l8/gaaRBQKL6hUPfQ==
  dependencies:
    ansi-regex "^1.0.0"

strip-ansi@^3.0.0:
  version "3.0.1"
  resolved "https://registry.yarnpkg.com/strip-ansi/-/strip-ansi-3.0.1.tgz#6a385fb8853d952d5ff05d0e8aaf94278dc63dcf"
  integrity sha512-VhumSSbBqDTP8p2ZLKj40UjBCV4+v8bUSEpUb4KjRgWk9pbqGF4REFj6KEagidb2f/M6AzC0EmFyDNGaw9OCzg==
  dependencies:
    ansi-regex "^2.0.0"

strip-json-comments@~2.0.1:
  version "2.0.1"
  resolved "https://registry.yarnpkg.com/strip-json-comments/-/strip-json-comments-2.0.1.tgz#3c531942e908c2697c0ec344858c286c7ca0a60a"
  integrity sha512-4gB8na07fecVVkOI6Rs4e7T6NOTki5EmL7TUduTs6bu3EdnSycntVJ4re8kgZA+wx9IueI2Y11bfbgwtzuE0KQ==

super-animejs@^3.1.0:
  version "3.1.0"
  resolved "https://registry.yarnpkg.com/super-animejs/-/super-animejs-3.1.0.tgz#59435946faafe880710e348cf24ad3126e45aed1"
  integrity sha512-6MFAFJDRuvwkovxQZPruuyHinTa4rgj4hNLOndjcYYhZLckoXtVRY9rJPuq8p6c/tgZJrFYEAYAfJ2/hhNtUCA==

super-three@^0.147.1:
  version "0.147.1"
  resolved "https://registry.yarnpkg.com/super-three/-/super-three-0.147.1.tgz#3cccba0ad0962cc996bce47f88ebed9d1158059d"
  integrity sha512-H8yhlXqjscWpqYLhPQ/h3EfElNBxe3Ktp1tGVp13vBjIxF5sMVkAo2NpIDXkY8+MVhuTrA0ZN42IMNPdOKwKLg==

supports-color@^2.0.0:
  version "2.0.0"
  resolved "https://registry.yarnpkg.com/supports-color/-/supports-color-2.0.0.tgz#535d045ce6b6363fa40117084629995e9df324c7"
  integrity sha512-KKNVtd6pCYgPIKU4cp2733HWYCpplQhddZLBUryaAHou723x+FRzQ5Df824Fj+IyyuiQTRoub4SnIFfIcrp70g==

three-bmfont-text@^2.1.0:
  version "2.3.0"
  resolved "https://registry.yarnpkg.com/three-bmfont-text/-/three-bmfont-text-2.3.0.tgz#61d0f6886e281a5d03f1fd66e0517497114784fe"
  integrity sha512-HG6QHR129cNMGBhMgLsyKJiNW5r2XI+2P1JyjJl/9+D1e0iySzVZl3r8peTFpoJzPODl5Ckb8nu0U1zWjc6dNg==
  dependencies:
    array-shuffle "^1.0.1"
    inherits "^2.0.1"
    layout-bmfont-text "^1.2.0"
    nice-color-palettes "^1.0.1"
    object-assign "^4.0.1"
    quad-indices "^2.0.1"
    three-buffer-vertex-data "^1.0.0"

three-bmfont-text@dmarcos/three-bmfont-text#21d017046216e318362c48abd1a48bddfb6e0733:
  version "2.4.0"
  resolved "https://codeload.github.com/dmarcos/three-bmfont-text/tar.gz/21d017046216e318362c48abd1a48bddfb6e0733"
  dependencies:
    array-shuffle "^1.0.1"
    inherits "^2.0.1"
    layout-bmfont-text "^1.2.0"
    nice-color-palettes "^1.0.1"
    object-assign "^4.0.1"
    quad-indices "^2.0.1"
    three-buffer-vertex-data dmarcos/three-buffer-vertex-data#69378fc58daf27d3b1d930df9f233473e4a4818c

three-buffer-vertex-data@^1.0.0, three-buffer-vertex-data@dmarcos/three-buffer-vertex-data#69378fc58daf27d3b1d930df9f233473e4a4818c:
  version "1.1.0"
  resolved "https://codeload.github.com/dmarcos/three-buffer-vertex-data/tar.gz/69378fc58daf27d3b1d930df9f233473e4a4818c"
  dependencies:
    flatten-vertex-data "^1.0.0"

through2@^2.0.0:
  version "2.0.5"
  resolved "https://registry.yarnpkg.com/through2/-/through2-2.0.5.tgz#01c1e39eb31d07cb7d03a96a70823260b23132cd"
  integrity sha512-/mrRod8xqpA+IHSLyGCQ2s8SPHiCDEeQJSep1jqLYeEUClOFG2Qsh+4FU6G9VeqpZnGW/Su8LQGc4YKni5rYSQ==
  dependencies:
    readable-stream "~2.3.6"
    xtend "~4.0.1"

through@^2.3.6:
  version "2.3.8"
  resolved "https://registry.yarnpkg.com/through/-/through-2.3.8.tgz#0dd4c9ffaabc357960b1b724115d7e0e86a2e1f5"
  integrity sha512-w89qg7PI8wAdvX60bMDP+bFoD5Dvhm9oLheFp5O4a2QF0cSBGsBX4qZmadPMvVqlLJBBci+WqGGOAPvcDeNSVg==

timed-out@^4.0.1:
  version "4.0.1"
  resolved "https://registry.yarnpkg.com/timed-out/-/timed-out-4.0.1.tgz#f32eacac5a175bea25d7fab565ab3ed8741ef56f"
  integrity sha512-G7r3AhovYtr5YKOWQkta8RKAPb+J9IsO4uVmzjl8AZwfhs8UcUwTiD6gcJYSgOtzyjvQKrKYn41syHbUWMkafA==

url-set-query@^1.0.0:
  version "1.0.0"
  resolved "https://registry.yarnpkg.com/url-set-query/-/url-set-query-1.0.0.tgz#016e8cfd7c20ee05cafe7795e892bd0702faa339"
  integrity sha512-3AChu4NiXquPfeckE5R5cGdiHCMWJx1dwCWOmWIL4KHAziJNOFIYJlpGFeKDvwLPHovZRCxK3cYlwzqI9Vp+Gg==

util-deprecate@~1.0.1:
  version "1.0.2"
  resolved "https://registry.yarnpkg.com/util-deprecate/-/util-deprecate-1.0.2.tgz#450d4dc9fa70de732762fbd2d4a28981419a0ccf"
  integrity sha512-EPD5q1uXyFxJpCrLnCc1nHnq3gOa6DZBocAIiI2TaSCA7VCJ1UJDMagCzIkXNsUYfD1daK//LTEQ8xiIbrHtcw==

variable-name@0.0.1:
  version "0.0.1"
  resolved "https://registry.yarnpkg.com/variable-name/-/variable-name-0.0.1.tgz#f62b66b362b2d651f5a72e45ea2b53a19c97fcff"
  integrity sha512-/lt4jtaO9RLbeEOfi6MmYqbylIRpneZkqdumvaz46+LqoWjHFWuAF+38i7ivWQo1cwf2mT5wbYLfFswbb8+agw==
  dependencies:
    anglicize "0.0.5"

webvr-polyfill-dpdb@^1.0.17:
  version "1.0.18"
  resolved "https://registry.yarnpkg.com/webvr-polyfill-dpdb/-/webvr-polyfill-dpdb-1.0.18.tgz#258484ce06b057bf18898acc911bd173847bce11"
  integrity sha512-O0S1ZGEWyPvyZEkS2VbyV7mtir/NM9MNK3EuhbHPoJ8EHTky2pTXehjIl+IiDPr+Lldgx129QGt3NGly7rwRPw==

webvr-polyfill@^0.10.12:
  version "0.10.12"
  resolved "https://registry.yarnpkg.com/webvr-polyfill/-/webvr-polyfill-0.10.12.tgz#47ea0b0d558f09e089bc49fa7b47a4ee7e4b8148"
  integrity sha512-trDJEVUQnRIVAnmImjEQ0BlL1NfuWl8+eaEdu+bs4g59c7OtETi/5tFkgEFDRaWEYwHntXs/uFF3OXZuutNGGA==
  dependencies:
    cardboard-vr-display "^1.0.19"

word-wrapper@^1.0.7:
  version "1.0.7"
  resolved "https://registry.yarnpkg.com/word-wrapper/-/word-wrapper-1.0.7.tgz#1f14afebf66dfdf0fef55efd37184efbd08c28b6"
  integrity sha512-VOPBFCm9b6FyYKQYfn9AVn2dQvdR/YOVFV6IBRA1TBMJWKffvhEX1af6FMGrttILs2Q9ikCRhLqkbY2weW6dOQ==

wrappy@1:
  version "1.0.2"
  resolved "https://registry.yarnpkg.com/wrappy/-/wrappy-1.0.2.tgz#b5243d8f3ec1aa35f1364605bc0d1036e30ab69f"
  integrity sha512-l4Sp/DRseor9wL6EvV2+TuQn63dMkPjZ/sp9XkghTEbV9KlPS1xUsZ3u7/IQO4wxtcFB4bgpQPRcR3QCvezPcQ==

xhr-request@^1.0.1:
  version "1.1.0"
  resolved "https://registry.yarnpkg.com/xhr-request/-/xhr-request-1.1.0.tgz#f4a7c1868b9f198723444d82dcae317643f2e2ed"
  integrity sha512-Y7qzEaR3FDtL3fP30k9wO/e+FBnBByZeybKOhASsGP30NIkRAAkKD/sCnLvgEfAIEC1rcmK7YG8f4oEnIrrWzA==
  dependencies:
    buffer-to-arraybuffer "^0.0.5"
    object-assign "^4.1.1"
    query-string "^5.0.1"
    simple-get "^2.7.0"
    timed-out "^4.0.1"
    url-set-query "^1.0.0"
    xhr "^2.0.4"

xhr@^2.0.1, xhr@^2.0.4:
  version "2.6.0"
  resolved "https://registry.yarnpkg.com/xhr/-/xhr-2.6.0.tgz#b69d4395e792b4173d6b7df077f0fc5e4e2b249d"
  integrity sha512-/eCGLb5rxjx5e3mF1A7s+pLlR6CGyqWN91fv1JgER5mVWg1MZmlhBvy9kjcsOdRk8RrIujotWyJamfyrp+WIcA==
  dependencies:
    global "~4.4.0"
    is-function "^1.0.1"
    parse-headers "^2.0.0"
    xtend "^4.0.0"

xml-parse-from-string@^1.0.0:
  version "1.0.1"
  resolved "https://registry.yarnpkg.com/xml-parse-from-string/-/xml-parse-from-string-1.0.1.tgz#a9029e929d3dbcded169f3c6e28238d95a5d5a28"
  integrity sha512-ErcKwJTF54uRzzNMXq2X5sMIy88zJvfN2DmdoQvy7PAFJ+tPRU6ydWuOKNMyfmOjdyBQTFREi60s0Y0SyI0G0g==

xml2js@^0.4.5:
  version "0.4.23"
  resolved "https://registry.yarnpkg.com/xml2js/-/xml2js-0.4.23.tgz#a0c69516752421eb2ac758ee4d4ccf58843eac66"
  integrity sha512-ySPiMjM0+pLDftHgXY4By0uswI3SPKLDw/i3UXbnO8M/p28zqexCUoPmQFrYD+/1BzhGJSs2i1ERWKJAtiLrug==
  dependencies:
    sax ">=0.6.0"
    xmlbuilder "~11.0.0"

xmlbuilder@~11.0.0:
  version "11.0.1"
  resolved "https://registry.yarnpkg.com/xmlbuilder/-/xmlbuilder-11.0.1.tgz#be9bae1c8a046e76b31127726347d0ad7002beb3"
  integrity sha512-fDlsI/kFEx7gLvbecc0/ohLG50fugQp8ryHzMTuW9vSa1GJ0XYWKnhsUx7oie3G98+r56aTQIUB4kht42R3JvA==

xtend@^4.0.0, xtend@~4.0.1:
  version "4.0.2"
  resolved "https://registry.yarnpkg.com/xtend/-/xtend-4.0.2.tgz#bb72779f5fa465186b1f438f674fa347fdb5db54"
  integrity sha512-LKYU1iAXJXUgAXn9URjiu+MWhyUXHsvfp7mcuYm9dSUKK0/CjtrUwFAxD82/mCWbtLsGjFIad0wIsod4zrTAEQ==
